
Microsoft Visual Studio Solution File, Format Version 12.00
# Visual Studio Version 16
VisualStudioVersion = 16.0.29613.14
MinimumVisualStudioVersion = 10.0.40219.1
Project("{9A19103F-16F7-4668-BE54-9A1E7A4F7556}") = "NodesDLL", "NodesDLL\NodesDLL.csproj", "{500FF78D-97C7-42AB-96E4-0969B3DDA95F}"
EndProject
Project("{9A19103F-16F7-4668-BE54-9A1E7A4F7556}") = "Tester", "Tester\Tester.csproj", "{ECA899C9-50BC-4108-BA57-3BA522380B2D}"
EndProject
Project("{FAE04EC0-301F-11D3-BF4B-00C04F79EFBC}") = "Asp", "Asp\Asp.csproj", "{E80C5542-E0C1-462C-A81A-1CB81B5848CD}"
EndProject
Global
	GlobalSection(SolutionConfigurationPlatforms) = preSolution
		Debug|Any CPU = Debug|Any CPU
		Release|Any CPU = Release|Any CPU
	EndGlobalSection
	GlobalSection(ProjectConfigurationPlatforms) = postSolution
		{500FF78D-97C7-42AB-96E4-0969B3DDA95F}.Debug|Any CPU.ActiveCfg = Debug|Any CPU
		{500FF78D-97C7-42AB-96E4-0969B3DDA95F}.Debug|Any CPU.Build.0 = Debug|Any CPU
		{500FF78D-97C7-42AB-96E4-0969B3DDA95F}.Release|Any CPU.ActiveCfg = Release|Any CPU
		{500FF78D-97C7-42AB-96E4-0969B3DDA95F}.Release|Any CPU.Build.0 = Release|Any CPU
		{ECA899C9-50BC-4108-BA57-3BA522380B2D}.Debug|Any CPU.ActiveCfg = Debug|Any CPU
		{ECA899C9-50BC-4108-BA57-3BA522380B2D}.Debug|Any CPU.Build.0 = Debug|Any CPU
		{ECA899C9-50BC-4108-BA57-3BA522380B2D}.Release|Any CPU.ActiveCfg = Release|Any CPU
		{ECA899C9-50BC-4108-BA57-3BA522380B2D}.Release|Any CPU.Build.0 = Release|Any CPU
		{E80C5542-E0C1-462C-A81A-1CB81B5848CD}.Debug|Any CPU.ActiveCfg = Debug|Any CPU
		{E80C5542-E0C1-462C-A81A-1CB81B5848CD}.Debug|Any CPU.Build.0 = Debug|Any CPU
		{E80C5542-E0C1-462C-A81A-1CB81B5848CD}.Release|Any CPU.ActiveCfg = Release|Any CPU
		{E80C5542-E0C1-462C-A81A-1CB81B5848CD}.Release|Any CPU.Build.0 = Release|Any CPU
	EndGlobalSection
	GlobalSection(SolutionProperties) = preSolution
		HideSolutionNode = FALSE
	EndGlobalSection
	GlobalSection(ExtensibilityGlobals) = postSolution
		SolutionGuid = {FDAED367-C50F-4DDB-B054-C6E9AD4CF855}
	EndGlobalSection
EndGlobal
