
Microsoft Visual Studio Solution File, Format Version 12.00
# Visual Studio Version 16
VisualStudioVersion = 16.0.29613.14
MinimumVisualStudioVersion = 10.0.40219.1
Project("{FAE04EC0-301F-11D3-BF4B-00C04F79EFBC}") = "SatanaDLL", "SatanaDLL\SatanaDLL.csproj", "{13C41DF0-342A-4095-B991-DD697F5119EF}"
EndProject
Project("{FAE04EC0-301F-11D3-BF4B-00C04F79EFBC}") = "SatanaServer", "SatanaServer\SatanaServer.csproj", "{CA33087E-62CC-40C7-B299-6046C6E92FC2}"
EndProject
Project("{FAE04EC0-301F-11D3-BF4B-00C04F79EFBC}") = "Test", "Test\Test.csproj", "{2098CB9C-E432-4307-BA50-237C6C275E9B}"
EndProject
Global
	GlobalSection(SolutionConfigurationPlatforms) = preSolution
		Debug|Any CPU = Debug|Any CPU
		Release|Any CPU = Release|Any CPU
	EndGlobalSection
	GlobalSection(ProjectConfigurationPlatforms) = postSolution
		{13C41DF0-342A-4095-B991-DD697F5119EF}.Debug|Any CPU.ActiveCfg = Debug|Any CPU
		{13C41DF0-342A-4095-B991-DD697F5119EF}.Debug|Any CPU.Build.0 = Debug|Any CPU
		{13C41DF0-342A-4095-B991-DD697F5119EF}.Release|Any CPU.ActiveCfg = Release|Any CPU
		{13C41DF0-342A-4095-B991-DD697F5119EF}.Release|Any CPU.Build.0 = Release|Any CPU
		{CA33087E-62CC-40C7-B299-6046C6E92FC2}.Debug|Any CPU.ActiveCfg = Debug|Any CPU
		{CA33087E-62CC-40C7-B299-6046C6E92FC2}.Debug|Any CPU.Build.0 = Debug|Any CPU
		{CA33087E-62CC-40C7-B299-6046C6E92FC2}.Release|Any CPU.ActiveCfg = Release|Any CPU
		{CA33087E-62CC-40C7-B299-6046C6E92FC2}.Release|Any CPU.Build.0 = Release|Any CPU
		{2098CB9C-E432-4307-BA50-237C6C275E9B}.Debug|Any CPU.ActiveCfg = Debug|Any CPU
		{2098CB9C-E432-4307-BA50-237C6C275E9B}.Debug|Any CPU.Build.0 = Debug|Any CPU
		{2098CB9C-E432-4307-BA50-237C6C275E9B}.Release|Any CPU.ActiveCfg = Release|Any CPU
		{2098CB9C-E432-4307-BA50-237C6C275E9B}.Release|Any CPU.Build.0 = Release|Any CPU
	EndGlobalSection
	GlobalSection(SolutionProperties) = preSolution
		HideSolutionNode = FALSE
	EndGlobalSection
	GlobalSection(ExtensibilityGlobals) = postSolution
		SolutionGuid = {FDAED367-C50F-4DDB-B054-C6E9AD4CF855}
	EndGlobalSection
EndGlobal
